
Microsoft Visual Studio Solution File, Format Version 12.00
# Visual Studio Version 17
VisualStudioVersion = 17.2.32616.157
MinimumVisualStudioVersion = 10.0.40219.1
Project("{9A19103F-16F7-4668-BE54-9A1E7A4F7556}") = "KSEM-Client", "KSEM-Client\KSEM-Client.csproj", "{23761F05-53B5-4491-81A0-6DAB6634B19D}"
EndProject
Project("{9A19103F-16F7-4668-BE54-9A1E7A4F7556}") = "KSEM-Client.Tests", "KSEM-Client.Tests\KSEM-Client.Tests.csproj", "{61499D6C-E71F-4BFB-8256-869BA11967C9}"
EndProject
Project("{FAE04EC0-301F-11D3-BF4B-00C04F79EFBC}") = "KSME-Websocket", "KSME-Websocket\KSME-Websocket.csproj", "{6FEF5240-41C9-4BAD-AE0C-8319561501F8}"
EndProject
Global
	GlobalSection(SolutionConfigurationPlatforms) = preSolution
		Debug|Any CPU = Debug|Any CPU
		Release|Any CPU = Release|Any CPU
	EndGlobalSection
	GlobalSection(ProjectConfigurationPlatforms) = postSolution
		{23761F05-53B5-4491-81A0-6DAB6634B19D}.Debug|Any CPU.ActiveCfg = Debug|Any CPU
		{23761F05-53B5-4491-81A0-6DAB6634B19D}.Debug|Any CPU.Build.0 = Debug|Any CPU
		{23761F05-53B5-4491-81A0-6DAB6634B19D}.Release|Any CPU.ActiveCfg = Release|Any CPU
		{23761F05-53B5-4491-81A0-6DAB6634B19D}.Release|Any CPU.Build.0 = Release|Any CPU
		{61499D6C-E71F-4BFB-8256-869BA11967C9}.Debug|Any CPU.ActiveCfg = Debug|Any CPU
		{61499D6C-E71F-4BFB-8256-869BA11967C9}.Debug|Any CPU.Build.0 = Debug|Any CPU
		{61499D6C-E71F-4BFB-8256-869BA11967C9}.Release|Any CPU.ActiveCfg = Release|Any CPU
		{61499D6C-E71F-4BFB-8256-869BA11967C9}.Release|Any CPU.Build.0 = Release|Any CPU
		{6FEF5240-41C9-4BAD-AE0C-8319561501F8}.Debug|Any CPU.ActiveCfg = Debug|Any CPU
		{6FEF5240-41C9-4BAD-AE0C-8319561501F8}.Debug|Any CPU.Build.0 = Debug|Any CPU
		{6FEF5240-41C9-4BAD-AE0C-8319561501F8}.Release|Any CPU.ActiveCfg = Release|Any CPU
		{6FEF5240-41C9-4BAD-AE0C-8319561501F8}.Release|Any CPU.Build.0 = Release|Any CPU
	EndGlobalSection
	GlobalSection(SolutionProperties) = preSolution
		HideSolutionNode = FALSE
	EndGlobalSection
	GlobalSection(ExtensibilityGlobals) = postSolution
		SolutionGuid = {750140BB-1F37-47CF-98D9-53991F7E7860}
	EndGlobalSection
EndGlobal
